
Microsoft Visual Studio Solution File, Format Version 12.00
# Visual Studio Version 16
VisualStudioVersion = 16.0.31205.134
MinimumVisualStudioVersion = 10.0.40219.1
Project("{9A19103F-16F7-4668-BE54-9A1E7A4F7556}") = "ConsoleALC", "ConsoleALC\ConsoleALC.csproj", "{EA309FA5-095E-4205-9388-14CD34926A22}"
EndProject
Project("{9A19103F-16F7-4668-BE54-9A1E7A4F7556}") = "AssemblyA", "AssemblyA\AssemblyA.csproj", "{423A93D9-BE9B-41F1-B956-6DE600AC7966}"
EndProject
Project("{9A19103F-16F7-4668-BE54-9A1E7A4F7556}") = "AssemblyB", "AssemblyB\AssemblyB.csproj", "{83DF663E-0E2A-488C-AD3A-6552EC95F388}"
EndProject
Global
	GlobalSection(SolutionConfigurationPlatforms) = preSolution
		Debug|Any CPU = Debug|Any CPU
		Release|Any CPU = Release|Any CPU
	EndGlobalSection
	GlobalSection(ProjectConfigurationPlatforms) = postSolution
		{EA309FA5-095E-4205-9388-14CD34926A22}.Debug|Any CPU.ActiveCfg = Debug|Any CPU
		{EA309FA5-095E-4205-9388-14CD34926A22}.Debug|Any CPU.Build.0 = Debug|Any CPU
		{EA309FA5-095E-4205-9388-14CD34926A22}.Release|Any CPU.ActiveCfg = Release|Any CPU
		{EA309FA5-095E-4205-9388-14CD34926A22}.Release|Any CPU.Build.0 = Release|Any CPU
		{423A93D9-BE9B-41F1-B956-6DE600AC7966}.Debug|Any CPU.ActiveCfg = Debug|Any CPU
		{423A93D9-BE9B-41F1-B956-6DE600AC7966}.Debug|Any CPU.Build.0 = Debug|Any CPU
		{423A93D9-BE9B-41F1-B956-6DE600AC7966}.Release|Any CPU.ActiveCfg = Release|Any CPU
		{423A93D9-BE9B-41F1-B956-6DE600AC7966}.Release|Any CPU.Build.0 = Release|Any CPU
		{83DF663E-0E2A-488C-AD3A-6552EC95F388}.Debug|Any CPU.ActiveCfg = Debug|Any CPU
		{83DF663E-0E2A-488C-AD3A-6552EC95F388}.Debug|Any CPU.Build.0 = Debug|Any CPU
		{83DF663E-0E2A-488C-AD3A-6552EC95F388}.Release|Any CPU.ActiveCfg = Release|Any CPU
		{83DF663E-0E2A-488C-AD3A-6552EC95F388}.Release|Any CPU.Build.0 = Release|Any CPU
	EndGlobalSection
	GlobalSection(SolutionProperties) = preSolution
		HideSolutionNode = FALSE
	EndGlobalSection
	GlobalSection(ExtensibilityGlobals) = postSolution
		SolutionGuid = {33CEFD81-7260-425C-BCA1-2852E83FA15E}
	EndGlobalSection
EndGlobal
